// !$*UTF8*$!
{
	archiveVersion = 1;
	classes = {
	};
	objectVersion = 46;
	objects = {

/* Begin PBXBuildFile section */
		CD417F5C1A5707C00090C216 /* main.m in Sources */ = {isa = PBXBuildFile; fileRef = CD417F5B1A5707C00090C216 /* main.m */; };
		CD417F5F1A5707C00090C216 /* AppDelegate.m in Sources */ = {isa = PBXBuildFile; fileRef = CD417F5E1A5707C00090C216 /* AppDelegate.m */; };
		CD417F621A5707C00090C216 /* ViewController.m in Sources */ = {isa = PBXBuildFile; fileRef = CD417F611A5707C00090C216 /* ViewController.m */; };
		CD417F651A5707C00090C216 /* Main.storyboard in Resources */ = {isa = PBXBuildFile; fileRef = CD417F631A5707C00090C216 /* Main.storyboard */; };
		CD417F671A5707C00090C216 /* Images.xcassets in Resources */ = {isa = PBXBuildFile; fileRef = CD417F661A5707C00090C216 /* Images.xcassets */; };
		CD417F6A1A5707C00090C216 /* LaunchScreen.xib in Resources */ = {isa = PBXBuildFile; fileRef = CD417F681A5707C00090C216 /* LaunchScreen.xib */; };
		CD417F761A5707C00090C216 /* f1Tests.m in Sources */ = {isa = PBXBuildFile; fileRef = CD417F751A5707C00090C216 /* f1Tests.m */; };
		CD417F811A570A7B0090C216 /* viewController2.m in Sources */ = {isa = PBXBuildFile; fileRef = CD417F801A570A7B0090C216 /* viewController2.m */; };
/* End PBXBuildFile section */

/* Begin PBXContainerItemProxy section */
		CD417F701A5707C00090C216 /* PBXContainerItemProxy */ = {
			isa = PBXContainerItemProxy;
			containerPortal = CD417F4E1A5707BF0090C216 /* Project object */;
			proxyType = 1;
			remoteGlobalIDString = CD417F551A5707C00090C216;
			remoteInfo = f1;
		};
/* End PBXContainerItemProxy section */

/* Begin PBXFileReference section */
		CD417F561A5707C00090C216 /* f1.app */ = {isa = PBXFileReference; explicitFileType = wrapper.application; includeInIndex = 0; path = f1.app; sourceTree = BUILT_PRODUCTS_DIR; };
		CD417F5A1A5707C00090C216 /* Info.plist */ = {isa = PBXFileReference; lastKnownFileType = text.plist.xml; path = Info.plist; sourceTree = "<group>"; };
		CD417F5B1A5707C00090C216 /* main.m */ = {isa = PBXFileReference; lastKnownFileType = sourcecode.c.objc; path = main.m; sourceTree = "<group>"; };
		CD417F5D1A5707C00090C216 /* AppDelegate.h */ = {isa = PBXFileReference; lastKnownFileType = sourcecode.c.h; path = AppDelegate.h; sourceTree = "<group>"; };
		CD417F5E1A5707C00090C216 /* AppDelegate.m */ = {isa = PBXFileReference; lastKnownFileType = sourcecode.c.objc; path = AppDelegate.m; sourceTree = "<group>"; };
		CD417F601A5707C00090C216 /* ViewController.h */ = {isa = PBXFileReference; lastKnownFileType = sourcecode.c.h; path = ViewController.h; sourceTree = "<group>"; };
		CD417F611A5707C00090C216 /* ViewController.m */ = {isa = PBXFileReference; lastKnownFileType = sourcecode.c.objc; path = ViewController.m; sourceTree = "<group>"; };
		CD417F641A5707C00090C216 /* Base */ = {isa = PBXFileReference; lastKnownFileType = file.storyboard; name = Base; path = Base.lproj/Main.storyboard; sourceTree = "<group>"; };
		CD417F661A5707C00090C216 /* Images.xcassets */ = {isa = PBXFileReference; lastKnownFileType = folder.assetcatalog; path = Images.xcassets; sourceTree = "<group>"; };
		CD417F691A5707C00090C216 /* Base */ = {isa = PBXFileReference; lastKnownFileType = file.xib; name = Base; path = Base.lproj/LaunchScreen.xib; sourceTree = "<group>"; };
		CD417F6F1A5707C00090C216 /* f1Tests.xctest */ = {isa = PBXFileReference; explicitFileType = wrapper.cfbundle; includeInIndex = 0; path = f1Tests.xctest; sourceTree = BUILT_PRODUCTS_DIR; };
		CD417F741A5707C00090C216 /* Info.plist */ = {isa = PBXFileReference; lastKnownFileType = text.plist.xml; path = Info.plist; sourceTree = "<group>"; };
		CD417F751A5707C00090C216 /* f1Tests.m */ = {isa = PBXFileReference; lastKnownFileType = sourcecode.c.objc; path = f1Tests.m; sourceTree = "<group>"; };
		CD417F7F1A570A7B0090C216 /* viewController2.h */ = {isa = PBXFileReference; fileEncoding = 4; lastKnownFileType = sourcecode.c.h; path = viewController2.h; sourceTree = "<group>"; };
		CD417F801A570A7B0090C216 /* viewController2.m */ = {isa = PBXFileReference; fileEncoding = 4; lastKnownFileType = sourcecode.c.objc; path = viewController2.m; sourceTree = "<group>"; };
/* End PBXFileReference section */

/* Begin PBXFrameworksBuildPhase section */
		CD417F531A5707C00090C216 /* Frameworks */ = {
			isa = PBXFrameworksBuildPhase;
			buildActionMask = 2147483647;
			files = (
			);
			runOnlyForDeploymentPostprocessing = 0;
		};
		CD417F6C1A5707C00090C216 /* Frameworks */ = {
			isa = PBXFrameworksBuildPhase;
			buildActionMask = 2147483647;
			files = (
			);
			runOnlyForDeploymentPostprocessing = 0;
		};
/* End PBXFrameworksBuildPhase section */

/* Begin PBXGroup section */
		CD417F4D1A5707BF0090C216 = {
			isa = PBXGroup;
			children = (
				CD417F581A5707C00090C216 /* f1 */,
				CD417F721A5707C00090C216 /* f1Tests */,
				CD417F571A5707C00090C216 /* Products */,
			);
			sourceTree = "<group>";
		};
		CD417F571A5707C00090C216 /* Products */ = {
			isa = PBXGroup;
			children = (
				CD417F561A5707C00090C216 /* f1.app */,
				CD417F6F1A5707C00090C216 /* f1Tests.xctest */,
			);
			name = Products;
			sourceTree = "<group>";
		};
		CD417F581A5707C00090C216 /* f1 */ = {
			isa = PBXGroup;
			children = (
				CD417F5D1A5707C00090C216 /* AppDelegate.h */,
				CD417F5E1A5707C00090C216 /* AppDelegate.m */,
				CD417F601A5707C00090C216 /* ViewController.h */,
				CD417F611A5707C00090C216 /* ViewController.m */,
				CD417F7F1A570A7B0090C216 /* viewController2.h */,
				CD417F801A570A7B0090C216 /* viewController2.m */,
				CD417F631A5707C00090C216 /* Main.storyboard */,
				CD417F661A5707C00090C216 /* Images.xcassets */,
				CD417F681A5707C00090C216 /* LaunchScreen.xib */,
				CD417F591A5707C00090C216 /* Supporting Files */,
			);
			path = f1;
			sourceTree = "<group>";
		};
		CD417F591A5707C00090C216 /* Supporting Files */ = {
			isa = PBXGroup;
			children = (
				CD417F5A1A5707C00090C216 /* Info.plist */,
				CD417F5B1A5707C00090C216 /* main.m */,
			);
			name = "Supporting Files";
			sourceTree = "<group>";
		};
		CD417F721A5707C00090C216 /* f1Tests */ = {
			isa = PBXGroup;
			children = (
				CD417F751A5707C00090C216 /* f1Tests.m */,
				CD417F731A5707C00090C216 /* Supporting Files */,
			);
			path = f1Tests;
			sourceTree = "<group>";
		};
		CD417F731A5707C00090C216 /* Supporting Files */ = {
			isa = PBXGroup;
			children = (
				CD417F741A5707C00090C216 /* Info.plist */,
			);
			name = "Supporting Files";
			sourceTree = "<group>";
		};
/* End PBXGroup section */

/* Begin PBXNativeTarget section */
		CD417F551A5707C00090C216 /* f1 */ = {
			isa = PBXNativeTarget;
			buildConfigurationList = CD417F791A5707C00090C216 /* Build configuration list for PBXNativeTarget "f1" */;
			buildPhases = (
				CD417F521A5707C00090C216 /* Sources */,
				CD417F531A5707C00090C216 /* Frameworks */,
				CD417F541A5707C00090C216 /* Resources */,
			);
			buildRules = (
			);
			dependencies = (
			);
			name = f1;
			productName = f1;
			productReference = CD417F561A5707C00090C216 /* f1.app */;
			productType = "com.apple.product-type.application";
		};
		CD417F6E1A5707C00090C216 /* f1Tests */ = {
			isa = PBXNativeTarget;
			buildConfigurationList = CD417F7C1A5707C00090C216 /* Build configuration list for PBXNativeTarget "f1Tests" */;
			buildPhases = (
				CD417F6B1A5707C00090C216 /* Sources */,
				CD417F6C1A5707C00090C216 /* Frameworks */,
				CD417F6D1A5707C00090C216 /* Resources */,
			);
			buildRules = (
			);
			dependencies = (
				CD417F711A5707C00090C216 /* PBXTargetDependency */,
			);
			name = f1Tests;
			productName = f1Tests;
			productReference = CD417F6F1A5707C00090C216 /* f1Tests.xctest */;
			productType = "com.apple.product-type.bundle.unit-test";
		};
/* End PBXNativeTarget section */

/* Begin PBXProject section */
		CD417F4E1A5707BF0090C216 /* Project object */ = {
			isa = PBXProject;
			attributes = {
				LastUpgradeCheck = 0610;
				ORGANIZATIONNAME = "Nikolay Karataev";
				TargetAttributes = {
					CD417F551A5707C00090C216 = {
						CreatedOnToolsVersion = 6.1.1;
					};
					CD417F6E1A5707C00090C216 = {
						CreatedOnToolsVersion = 6.1.1;
						TestTargetID = CD417F551A5707C00090C216;
					};
				};
			};
			buildConfigurationList = CD417F511A5707BF0090C216 /* Build configuration list for PBXProject "f1" */;
			compatibilityVersion = "Xcode 3.2";
			developmentRegion = English;
			hasScannedForEncodings = 0;
			knownRegions = (
				en,
				Base,
			);
			mainGroup = CD417F4D1A5707BF0090C216;
			productRefGroup = CD417F571A5707C00090C216 /* Products */;
			projectDirPath = "";
			projectRoot = "";
			targets = (
				CD417F551A5707C00090C216 /* f1 */,
				CD417F6E1A5707C00090C216 /* f1Tests */,
			);
		};
/* End PBXProject section */

/* Begin PBXResourcesBuildPhase section */
		CD417F541A5707C00090C216 /* Resources */ = {
			isa = PBXResourcesBuildPhase;
			buildActionMask = 2147483647;
			files = (
				CD417F651A5707C00090C216 /* Main.storyboard in Resources */,
				CD417F6A1A5707C00090C216 /* LaunchScreen.xib in Resources */,
				CD417F671A5707C00090C216 /* Images.xcassets in Resources */,
			);
			runOnlyForDeploymentPostprocessing = 0;
		};
		CD417F6D1A5707C00090C216 /* Resources */ = {
			isa = PBXResourcesBuildPhase;
			buildActionMask = 2147483647;
			files = (
			);
			runOnlyForDeploymentPostprocessing = 0;
		};
/* End PBXResourcesBuildPhase section */

/* Begin PBXSourcesBuildPhase section */
		CD417F521A5707C00090C216 /* Sources */ = {
			isa = PBXSourcesBuildPhase;
			buildActionMask = 2147483647;
			files = (
				CD417F621A5707C00090C216 /* ViewController.m in Sources */,
				CD417F811A570A7B0090C216 /* viewController2.m in Sources */,
				CD417F5F1A5707C00090C216 /* AppDelegate.m in Sources */,
				CD417F5C1A5707C00090C216 /* main.m in Sources */,
			);
			runOnlyForDeploymentPostprocessing = 0;
		};
		CD417F6B1A5707C00090C216 /* Sources */ = {
			isa = PBXSourcesBuildPhase;
			buildActionMask = 2147483647;
			files = (
				CD417F761A5707C00090C216 /* f1Tests.m in Sources */,
			);
			runOnlyForDeploymentPostprocessing = 0;
		};
/* End PBXSourcesBuildPhase section */

/* Begin PBXTargetDependency section */
		CD417F711A5707C00090C216 /* PBXTargetDependency */ = {
			isa = PBXTargetDependency;
			target = CD417F551A5707C00090C216 /* f1 */;
			targetProxy = CD417F701A5707C00090C216 /* PBXContainerItemProxy */;
		};
/* End PBXTargetDependency section */

/* Begin PBXVariantGroup section */
		CD417F631A5707C00090C216 /* Main.storyboard */ = {
			isa = PBXVariantGroup;
			children = (
				CD417F641A5707C00090C216 /* Base */,
			);
			name = Main.storyboard;
			sourceTree = "<group>";
		};
		CD417F681A5707C00090C216 /* LaunchScreen.xib */ = {
			isa = PBXVariantGroup;
			children = (
				CD417F691A5707C00090C216 /* Base */,
			);
			name = LaunchScreen.xib;
			sourceTree = "<group>";
		};
/* End PBXVariantGroup section */

/* Begin XCBuildConfiguration section */
		CD417F771A5707C00090C216 /* Debug */ = {
			isa = XCBuildConfiguration;
			buildSettings = {
				ALWAYS_SEARCH_USER_PATHS = NO;
				CLANG_CXX_LANGUAGE_STANDARD = "gnu++0x";
				CLANG_CXX_LIBRARY = "libc++";
				CLANG_ENABLE_MODULES = YES;
				CLANG_ENABLE_OBJC_ARC = YES;
				CLANG_WARN_BOOL_CONVERSION = YES;
				CLANG_WARN_CONSTANT_CONVERSION = YES;
				CLANG_WARN_DIRECT_OBJC_ISA_USAGE = YES_ERROR;
				CLANG_WARN_EMPTY_BODY = YES;
				CLANG_WARN_ENUM_CONVERSION = YES;
				CLANG_WARN_INT_CONVERSION = YES;
				CLANG_WARN_OBJC_ROOT_CLASS = YES_ERROR;
				CLANG_WARN_UNREACHABLE_CODE = YES;
				CLANG_WARN__DUPLICATE_METHOD_MATCH = YES;
				"CODE_SIGN_IDENTITY[sdk=iphoneos*]" = "iPhone Developer";
				COPY_PHASE_STRIP = NO;
				ENABLE_STRICT_OBJC_MSGSEND = YES;
				GCC_C_LANGUAGE_STANDARD = gnu99;
				GCC_DYNAMIC_NO_PIC = NO;
				GCC_OPTIMIZATION_LEVEL = 0;
				GCC_PREPROCESSOR_DEFINITIONS = (
					"DEBUG=1",
					"$(inherited)",
				);
				GCC_SYMBOLS_PRIVATE_EXTERN = NO;
				GCC_WARN_64_TO_32_BIT_CONVERSION = YES;
				GCC_WARN_ABOUT_RETURN_TYPE = YES_ERROR;
				GCC_WARN_UNDECLARED_SELECTOR = YES;
				GCC_WARN_UNINITIALIZED_AUTOS = YES_AGGRESSIVE;
				GCC_WARN_UNUSED_FUNCTION = YES;
				GCC_WARN_UNUSED_VARIABLE = YES;
				IPHONEOS_DEPLOYMENT_TARGET = 8.1;
				MTL_ENABLE_DEBUG_INFO = YES;
				ONLY_ACTIVE_ARCH = YES;
				SDKROOT = iphoneos;
			};
			name = Debug;
		};
		CD417F781A5707C00090C216 /* Release */ = {
			isa = XCBuildConfiguration;
			buildSettings = {
				ALWAYS_SEARCH_USER_PATHS = NO;
				CLANG_CXX_LANGUAGE_STANDARD = "gnu++0x";
				CLANG_CXX_LIBRARY = "libc++";
				CLANG_ENABLE_MODULES = YES;
				CLANG_ENABLE_OBJC_ARC = YES;
				CLANG_WARN_BOOL_CONVERSION = YES;
				CLANG_WARN_CONSTANT_CONVERSION = YES;
				CLANG_WARN_DIRECT_OBJC_ISA_USAGE = YES_ERROR;
				CLANG_WARN_EMPTY_BODY = YES;
				CLANG_WARN_ENUM_CONVERSION = YES;
				CLANG_WARN_INT_CONVERSION = YES;
				CLANG_WARN_OBJC_ROOT_CLASS = YES_ERROR;
				CLANG_WARN_UNREACHABLE_CODE = YES;
				CLANG_WARN__DUPLICATE_METHOD_MATCH = YES;
				"CODE_SIGN_IDENTITY[sdk=iphoneos*]" = "iPhone Developer";
				COPY_PHASE_STRIP = YES;
				ENABLE_NS_ASSERTIONS = NO;
				ENABLE_STRICT_OBJC_MSGSEND = YES;
				GCC_C_LANGUAGE_STANDARD = gnu99;
				GCC_WARN_64_TO_32_BIT_CONVERSION = YES;
				GCC_WARN_ABOUT_RETURN_TYPE = YES_ERROR;
				GCC_WARN_UNDECLARED_SELECTOR = YES;
				GCC_WARN_UNINITIALIZED_AUTOS = YES_AGGRESSIVE;
				GCC_WARN_UNUSED_FUNCTION = YES;
				GCC_WARN_UNUSED_VARIABLE = YES;
				IPHONEOS_DEPLOYMENT_TARGET = 8.1;
				MTL_ENABLE_DEBUG_INFO = NO;
				SDKROOT = iphoneos;
				VALIDATE_PRODUCT = YES;
			};
			name = Release;
		};
		CD417F7A1A5707C00090C216 /* Debug */ = {
			isa = XCBuildConfiguration;
			buildSettings = {
				ASSETCATALOG_COMPILER_APPICON_NAME = AppIcon;
				INFOPLIST_FILE = f1/Info.plist;
				LD_RUNPATH_SEARCH_PATHS = "$(inherited) @executable_path/Frameworks";
				PRODUCT_NAME = "$(TARGET_NAME)";
			};
			name = Debug;
		};
		CD417F7B1A5707C00090C216 /* Release */ = {
			isa = XCBuildConfiguration;
			buildSettings = {
				ASSETCATALOG_COMPILER_APPICON_NAME = AppIcon;
				INFOPLIST_FILE = f1/Info.plist;
				LD_RUNPATH_SEARCH_PATHS = "$(inherited) @executable_path/Frameworks";
				PRODUCT_NAME = "$(TARGET_NAME)";
			};
			name = Release;
		};
		CD417F7D1A5707C00090C216 /* Debug */ = {
			isa = XCBuildConfiguration;
			buildSettings = {
				BUNDLE_LOADER = "$(TEST_HOST)";
				FRAMEWORK_SEARCH_PATHS = (
					"$(SDKROOT)/Developer/Library/Frameworks",
					"$(inherited)",
				);
				GCC_PREPROCESSOR_DEFINITIONS = (
					"DEBUG=1",
					"$(inherited)",
				);
				INFOPLIST_FILE = f1Tests/Info.plist;
				LD_RUNPATH_SEARCH_PATHS = "$(inherited) @executable_path/Frameworks @loader_path/Frameworks";
				PRODUCT_NAME = "$(TARGET_NAME)";
				TEST_HOST = "$(BUILT_PRODUCTS_DIR)/f1.app/f1";
			};
			name = Debug;
		};
		CD417F7E1A5707C00090C216 /* Release */ = {
			isa = XCBuildConfiguration;
			buildSettings = {
				BUNDLE_LOADER = "$(TEST_HOST)";
				FRAMEWORK_SEARCH_PATHS = (
					"$(SDKROOT)/Developer/Library/Frameworks",
					"$(inherited)",
				);
				INFOPLIST_FILE = f1Tests/Info.plist;
				LD_RUNPATH_SEARCH_PATHS = "$(inherited) @executable_path/Frameworks @loader_path/Frameworks";
				PRODUCT_NAME = "$(TARGET_NAME)";
				TEST_HOST = "$(BUILT_PRODUCTS_DIR)/f1.app/f1";
			};
			name = Release;
		};
/* End XCBuildConfiguration section */

/* Begin XCConfigurationList section */
		CD417F511A5707BF0090C216 /* Build configuration list for PBXProject "f1" */ = {
			isa = XCConfigurationList;
			buildConfigurations = (
				CD417F771A5707C00090C216 /* Debug */,
				CD417F781A5707C00090C216 /* Release */,
			);
			defaultConfigurationIsVisible = 0;
			defaultConfigurationName = Release;
		};
		CD417F791A5707C00090C216 /* Build configuration list for PBXNativeTarget "f1" */ = {
			isa = XCConfigurationList;
			buildConfigurations = (
				CD417F7A1A5707C00090C216 /* Debug */,
				CD417F7B1A5707C00090C216 /* Release */,
			);
			defaultConfigurationIsVisible = 0;
		};
		CD417F7C1A5707C00090C216 /* Build configuration list for PBXNativeTarget "f1Tests" */ = {
			isa = XCConfigurationList;
			buildConfigurations = (
				CD417F7D1A5707C00090C216 /* Debug */,
				CD417F7E1A5707C00090C216 /* Release */,
			);
			defaultConfigurationIsVisible = 0;
		};
/* End XCConfigurationList section */
	};
	rootObject = CD417F4E1A5707BF0090C216 /* Project object */;
}
